{
  "version": 4,
  "terraform_version": "1.4.0",
  "serial": 4,
  "lineage": "5063fcb5-f863-2613-5e22-53573c6dce49",
  "outputs": {},
  "resources": [
    {
      "mode": "managed",
      "type": "github_repository",
      "name": "example",
      "provider": "provider[\"registry.terraform.io/integrations/github\"]",
      "instances": [
        {
          "schema_version": 0,
          "attributes": {
            "allow_merge_commit": true,
            "allow_rebase_merge": true,
            "allow_squash_merge": true,
            "archive_on_destroy": null,
            "archived": false,
            "auto_init": null,
            "default_branch": "main",
            "delete_branch_on_merge": false,
            "description": "",
            "etag": "W/\"02fd95dddd75c05c5af59b58168ce96825d7522bda1653f1b0ac75b53ff89b04\"",
            "full_name": "itoeandreas1988/terraform-repo1",
            "git_clone_url": "git://github.com/itoeandreas1988/terraform-repo1.git",
            "gitignore_template": null,
            "has_downloads": false,
            "has_issues": false,
            "has_projects": false,
            "has_wiki": false,
            "homepage_url": "",
            "html_url": "https://github.com/itoeandreas1988/terraform-repo1",
            "http_clone_url": "https://github.com/itoeandreas1988/terraform-repo1.git",
            "id": "terraform-repo1",
            "is_template": false,
            "license_template": null,
            "name": "terraform-repo1",
            "node_id": "R_kgDOJLNcLg",
            "pages": [],
            "private": false,
            "repo_id": 615734318,
            "ssh_clone_url": "git@github.com:itoeandreas1988/terraform-repo1.git",
            "svn_url": "https://github.com/itoeandreas1988/terraform-repo1",
            "template": [],
            "topics": null,
            "visibility": "public",
            "vulnerability_alerts": false
          },
          "sensitive_attributes": [],
          "private": "bnVsbA=="
        }
      ]
    }
  ],
  "check_results": null
}
